// !$*UTF8*$!
{
	archiveVersion = 1;
	classes = {
	};
	objectVersion = 46;
	objects = {

/* Begin PBXBuildFile section */
		3CE89EF5A7A07C1622FF4DCA /* Pods_ATK_BLE.framework in Frameworks */ = {isa = PBXBuildFile; fileRef = 8730CE69BF02DA57AF883CE4 /* Pods_ATK_BLE.framework */; };
		E10957C01F187D4400B55AAC /* structs.swift in Sources */ = {isa = PBXBuildFile; fileRef = E10957BF1F187D4400B55AAC /* structs.swift */; };
		E10957C21F188AA800B55AAC /* filePath.swift in Sources */ = {isa = PBXBuildFile; fileRef = E10957C11F188AA800B55AAC /* filePath.swift */; };
		E15349FE1F1360EE00957D8D /* HistoryBrain.swift in Sources */ = {isa = PBXBuildFile; fileRef = E15349FD1F1360EE00957D8D /* HistoryBrain.swift */; };
		E1A979261F09DFAC0050431A /* AppDelegate.swift in Sources */ = {isa = PBXBuildFile; fileRef = E1A979181F09DFAC0050431A /* AppDelegate.swift */; };
		E1A979271F09DFAC0050431A /* Items.swift in Sources */ = {isa = PBXBuildFile; fileRef = E1A979191F09DFAC0050431A /* Items.swift */; };
		E1A979281F09DFAC0050431A /* Lesson.swift in Sources */ = {isa = PBXBuildFile; fileRef = E1A9791A1F09DFAC0050431A /* Lesson.swift */; };
		E1A979291F09DFAC0050431A /* NowController.swift in Sources */ = {isa = PBXBuildFile; fileRef = E1A9791B1F09DFAC0050431A /* NowController.swift */; };
		E1A9792A1F09DFAC0050431A /* TimetableController.swift in Sources */ = {isa = PBXBuildFile; fileRef = E1A9791C1F09DFAC0050431A /* TimetableController.swift */; };
		E1A9792B1F09DFAC0050431A /* HistoryController.swift in Sources */ = {isa = PBXBuildFile; fileRef = E1A9791D1F09DFAC0050431A /* HistoryController.swift */; };
		E1A9792C1F09DFAC0050431A /* ChangePasswordController.swift in Sources */ = {isa = PBXBuildFile; fileRef = E1A9791E1F09DFAC0050431A /* ChangePasswordController.swift */; };
		E1A9792D1F09DFAC0050431A /* LessonDetailController.swift in Sources */ = {isa = PBXBuildFile; fileRef = E1A9791F1F09DFAC0050431A /* LessonDetailController.swift */; };
		E1A9792E1F09DFAC0050431A /* LoginController.swift in Sources */ = {isa = PBXBuildFile; fileRef = E1A979201F09DFAC0050431A /* LoginController.swift */; };
		E1A9792F1F09DFAC0050431A /* MoreController.swift in Sources */ = {isa = PBXBuildFile; fileRef = E1A979211F09DFAC0050431A /* MoreController.swift */; };
		E1A979301F09DFAC0050431A /* Assets.xcassets in Resources */ = {isa = PBXBuildFile; fileRef = E1A979221F09DFAC0050431A /* Assets.xcassets */; };
		E1A979311F09DFAC0050431A /* Main.storyboard in Resources */ = {isa = PBXBuildFile; fileRef = E1A979231F09DFAC0050431A /* Main.storyboard */; };
		E1A979321F09DFAC0050431A /* LaunchScreen.storyboard in Resources */ = {isa = PBXBuildFile; fileRef = E1A979241F09DFAC0050431A /* LaunchScreen.storyboard */; };
		E1A9793A1F09E2400050431A /* LessonCell.swift in Sources */ = {isa = PBXBuildFile; fileRef = E1A979381F09E2400050431A /* LessonCell.swift */; };
		E1FB8BE41F0F48D500E087CB /* HistoryByLessonController.swift in Sources */ = {isa = PBXBuildFile; fileRef = E1FB8BE31F0F48D500E087CB /* HistoryByLessonController.swift */; };
/* End PBXBuildFile section */

/* Begin PBXFileReference section */
		2F04FDBD21813133A02CD771 /* Pods-ATK_BLE.debug.xcconfig */ = {isa = PBXFileReference; includeInIndex = 1; lastKnownFileType = text.xcconfig; name = "Pods-ATK_BLE.debug.xcconfig"; path = "Pods/Target Support Files/Pods-ATK_BLE/Pods-ATK_BLE.debug.xcconfig"; sourceTree = "<group>"; };
		38841AA01E690C0E004EF33D /* ATK_BLE.app */ = {isa = PBXFileReference; explicitFileType = wrapper.application; includeInIndex = 0; path = ATK_BLE.app; sourceTree = BUILT_PRODUCTS_DIR; };
		38841AAF1E690C0E004EF33D /* Info.plist */ = {isa = PBXFileReference; lastKnownFileType = text.plist.xml; path = Info.plist; sourceTree = "<group>"; };
		8730CE69BF02DA57AF883CE4 /* Pods_ATK_BLE.framework */ = {isa = PBXFileReference; explicitFileType = wrapper.framework; includeInIndex = 0; path = Pods_ATK_BLE.framework; sourceTree = BUILT_PRODUCTS_DIR; };
		A480AF68145EB8C64A5ACCB4 /* Pods-ATK_BLE.release.xcconfig */ = {isa = PBXFileReference; includeInIndex = 1; lastKnownFileType = text.xcconfig; name = "Pods-ATK_BLE.release.xcconfig"; path = "Pods/Target Support Files/Pods-ATK_BLE/Pods-ATK_BLE.release.xcconfig"; sourceTree = "<group>"; };
		E10957BF1F187D4400B55AAC /* structs.swift */ = {isa = PBXFileReference; fileEncoding = 4; lastKnownFileType = sourcecode.swift; path = structs.swift; sourceTree = "<group>"; };
		E10957C11F188AA800B55AAC /* filePath.swift */ = {isa = PBXFileReference; fileEncoding = 4; lastKnownFileType = sourcecode.swift; path = filePath.swift; sourceTree = "<group>"; };
		E15349FD1F1360EE00957D8D /* HistoryBrain.swift */ = {isa = PBXFileReference; fileEncoding = 4; lastKnownFileType = sourcecode.swift; path = HistoryBrain.swift; sourceTree = "<group>"; };
		E1A979181F09DFAC0050431A /* AppDelegate.swift */ = {isa = PBXFileReference; fileEncoding = 4; lastKnownFileType = sourcecode.swift; path = AppDelegate.swift; sourceTree = "<group>"; };
		E1A979191F09DFAC0050431A /* Items.swift */ = {isa = PBXFileReference; fileEncoding = 4; lastKnownFileType = sourcecode.swift; path = Items.swift; sourceTree = "<group>"; };
		E1A9791A1F09DFAC0050431A /* Lesson.swift */ = {isa = PBXFileReference; fileEncoding = 4; lastKnownFileType = sourcecode.swift; path = Lesson.swift; sourceTree = "<group>"; };
		E1A9791B1F09DFAC0050431A /* NowController.swift */ = {isa = PBXFileReference; fileEncoding = 4; lastKnownFileType = sourcecode.swift; path = NowController.swift; sourceTree = "<group>"; };
		E1A9791C1F09DFAC0050431A /* TimetableController.swift */ = {isa = PBXFileReference; fileEncoding = 4; lastKnownFileType = sourcecode.swift; path = TimetableController.swift; sourceTree = "<group>"; };
		E1A9791D1F09DFAC0050431A /* HistoryController.swift */ = {isa = PBXFileReference; fileEncoding = 4; lastKnownFileType = sourcecode.swift; path = HistoryController.swift; sourceTree = "<group>"; };
		E1A9791E1F09DFAC0050431A /* ChangePasswordController.swift */ = {isa = PBXFileReference; fileEncoding = 4; lastKnownFileType = sourcecode.swift; path = ChangePasswordController.swift; sourceTree = "<group>"; };
		E1A9791F1F09DFAC0050431A /* LessonDetailController.swift */ = {isa = PBXFileReference; fileEncoding = 4; lastKnownFileType = sourcecode.swift; path = LessonDetailController.swift; sourceTree = "<group>"; };
		E1A979201F09DFAC0050431A /* LoginController.swift */ = {isa = PBXFileReference; fileEncoding = 4; lastKnownFileType = sourcecode.swift; path = LoginController.swift; sourceTree = "<group>"; };
		E1A979211F09DFAC0050431A /* MoreController.swift */ = {isa = PBXFileReference; fileEncoding = 4; lastKnownFileType = sourcecode.swift; path = MoreController.swift; sourceTree = "<group>"; };
		E1A979221F09DFAC0050431A /* Assets.xcassets */ = {isa = PBXFileReference; lastKnownFileType = folder.assetcatalog; path = Assets.xcassets; sourceTree = "<group>"; };
		E1A979231F09DFAC0050431A /* Main.storyboard */ = {isa = PBXFileReference; fileEncoding = 4; lastKnownFileType = file.storyboard; path = Main.storyboard; sourceTree = "<group>"; };
		E1A979241F09DFAC0050431A /* LaunchScreen.storyboard */ = {isa = PBXFileReference; fileEncoding = 4; lastKnownFileType = file.storyboard; path = LaunchScreen.storyboard; sourceTree = "<group>"; };
		E1A979351F09E1ED0050431A /* ATK_BLE-Bridging-Header.h */ = {isa = PBXFileReference; lastKnownFileType = sourcecode.c.h; path = "ATK_BLE-Bridging-Header.h"; sourceTree = "<group>"; };
		E1A979381F09E2400050431A /* LessonCell.swift */ = {isa = PBXFileReference; fileEncoding = 4; lastKnownFileType = sourcecode.swift; path = LessonCell.swift; sourceTree = "<group>"; };
		E1FB8BE31F0F48D500E087CB /* HistoryByLessonController.swift */ = {isa = PBXFileReference; fileEncoding = 4; lastKnownFileType = sourcecode.swift; path = HistoryByLessonController.swift; sourceTree = "<group>"; };
/* End PBXFileReference section */

/* Begin PBXFrameworksBuildPhase section */
		38841A9D1E690C0E004EF33D /* Frameworks */ = {
			isa = PBXFrameworksBuildPhase;
			buildActionMask = 2147483647;
			files = (
				3CE89EF5A7A07C1622FF4DCA /* Pods_ATK_BLE.framework in Frameworks */,
			);
			runOnlyForDeploymentPostprocessing = 0;
		};
/* End PBXFrameworksBuildPhase section */

/* Begin PBXGroup section */
		384D65599B2822FAEDA21118 /* Frameworks */ = {
			isa = PBXGroup;
			children = (
				8730CE69BF02DA57AF883CE4 /* Pods_ATK_BLE.framework */,
			);
			name = Frameworks;
			sourceTree = "<group>";
		};
		38841A971E690C0E004EF33D = {
			isa = PBXGroup;
			children = (
				E1A979351F09E1ED0050431A /* ATK_BLE-Bridging-Header.h */,
				38841AA21E690C0E004EF33D /* ATK_BLE */,
				38841AA11E690C0E004EF33D /* Products */,
				C7EBCFCC2957C30BAF3A18D5 /* Pods */,
				384D65599B2822FAEDA21118 /* Frameworks */,
			);
			sourceTree = "<group>";
		};
		38841AA11E690C0E004EF33D /* Products */ = {
			isa = PBXGroup;
			children = (
				38841AA01E690C0E004EF33D /* ATK_BLE.app */,
			);
			name = Products;
			sourceTree = "<group>";
		};
		38841AA21E690C0E004EF33D /* ATK_BLE */ = {
			isa = PBXGroup;
			children = (
				E1A9793C1F09E24A0050431A /* TableViewCell */,
				E12AB71D1F0A08A700ADA79E /* Entity */,
				E15349FC1F13607100957D8D /* Models */,
				E12AB71C1F0A070F00ADA79E /* Controllers */,
				E1A979181F09DFAC0050431A /* AppDelegate.swift */,
				E1A979221F09DFAC0050431A /* Assets.xcassets */,
				E1A979231F09DFAC0050431A /* Main.storyboard */,
				E1A979241F09DFAC0050431A /* LaunchScreen.storyboard */,
				38841AAF1E690C0E004EF33D /* Info.plist */,
			);
			path = ATK_BLE;
			sourceTree = "<group>";
		};
		C7EBCFCC2957C30BAF3A18D5 /* Pods */ = {
			isa = PBXGroup;
			children = (
				2F04FDBD21813133A02CD771 /* Pods-ATK_BLE.debug.xcconfig */,
				A480AF68145EB8C64A5ACCB4 /* Pods-ATK_BLE.release.xcconfig */,
			);
			name = Pods;
			sourceTree = "<group>";
		};
		E12AB71C1F0A070F00ADA79E /* Controllers */ = {
			isa = PBXGroup;
			children = (
				E1A9791B1F09DFAC0050431A /* NowController.swift */,
				E1A9791C1F09DFAC0050431A /* TimetableController.swift */,
				E1FB8BE31F0F48D500E087CB /* HistoryByLessonController.swift */,
				E1A9791D1F09DFAC0050431A /* HistoryController.swift */,
				E1A9791E1F09DFAC0050431A /* ChangePasswordController.swift */,
				E1A9791F1F09DFAC0050431A /* LessonDetailController.swift */,
				E1A979201F09DFAC0050431A /* LoginController.swift */,
				E1A979211F09DFAC0050431A /* MoreController.swift */,
			);
			name = Controllers;
			sourceTree = "<group>";
		};
		E12AB71D1F0A08A700ADA79E /* Entity */ = {
			isa = PBXGroup;
			children = (
				E1A979191F09DFAC0050431A /* Items.swift */,
				E1A9791A1F09DFAC0050431A /* Lesson.swift */,
			);
			name = Entity;
			sourceTree = "<group>";
		};
		E15349FC1F13607100957D8D /* Models */ = {
			isa = PBXGroup;
			children = (
				E15349FD1F1360EE00957D8D /* HistoryBrain.swift */,
				E10957BF1F187D4400B55AAC /* structs.swift */,
				E10957C11F188AA800B55AAC /* filePath.swift */,
			);
			name = Models;
			sourceTree = "<group>";
		};
		E1A9793C1F09E24A0050431A /* TableViewCell */ = {
			isa = PBXGroup;
			children = (
				E1A979381F09E2400050431A /* LessonCell.swift */,
			);
			name = TableViewCell;
			sourceTree = "<group>";
		};
/* End PBXGroup section */

/* Begin PBXNativeTarget section */
		38841A9F1E690C0E004EF33D /* ATK_BLE */ = {
			isa = PBXNativeTarget;
			buildConfigurationList = 38841AB21E690C0E004EF33D /* Build configuration list for PBXNativeTarget "ATK_BLE" */;
			buildPhases = (
				C6EF3CC24F1A2761E2AAC2FE /* [CP] Check Pods Manifest.lock */,
				38841A9C1E690C0E004EF33D /* Sources */,
				38841A9D1E690C0E004EF33D /* Frameworks */,
				38841A9E1E690C0E004EF33D /* Resources */,
				0896A91278BD239198CA992B /* [CP] Embed Pods Frameworks */,
				64E427BF0EA2146729063FC3 /* [CP] Copy Pods Resources */,
			);
			buildRules = (
			);
			dependencies = (
			);
			name = ATK_BLE;
			productName = ATK_BLE;
			productReference = 38841AA01E690C0E004EF33D /* ATK_BLE.app */;
			productType = "com.apple.product-type.application";
		};
/* End PBXNativeTarget section */

/* Begin PBXProject section */
		38841A981E690C0E004EF33D /* Project object */ = {
			isa = PBXProject;
			attributes = {
				LastSwiftUpdateCheck = 0820;
				LastUpgradeCheck = 0830;
				ORGANIZATIONNAME = beacon;
				TargetAttributes = {
					38841A9F1E690C0E004EF33D = {
						CreatedOnToolsVersion = 8.2.1;
						DevelopmentTeam = R397SMDAA7;
						LastSwiftMigration = 0820;
						ProvisioningStyle = Automatic;
						SystemCapabilities = {
							com.apple.BackgroundModes = {
								enabled = 1;
							};
						};
					};
				};
			};
			buildConfigurationList = 38841A9B1E690C0E004EF33D /* Build configuration list for PBXProject "ATK_BLE" */;
			compatibilityVersion = "Xcode 3.2";
			developmentRegion = English;
			hasScannedForEncodings = 0;
			knownRegions = (
				en,
				Base,
			);
			mainGroup = 38841A971E690C0E004EF33D;
			productRefGroup = 38841AA11E690C0E004EF33D /* Products */;
			projectDirPath = "";
			projectRoot = "";
			targets = (
				38841A9F1E690C0E004EF33D /* ATK_BLE */,
			);
		};
/* End PBXProject section */

/* Begin PBXResourcesBuildPhase section */
		38841A9E1E690C0E004EF33D /* Resources */ = {
			isa = PBXResourcesBuildPhase;
			buildActionMask = 2147483647;
			files = (
				E1A979311F09DFAC0050431A /* Main.storyboard in Resources */,
				E1A979321F09DFAC0050431A /* LaunchScreen.storyboard in Resources */,
				E1A979301F09DFAC0050431A /* Assets.xcassets in Resources */,
			);
			runOnlyForDeploymentPostprocessing = 0;
		};
/* End PBXResourcesBuildPhase section */

/* Begin PBXShellScriptBuildPhase section */
		0896A91278BD239198CA992B /* [CP] Embed Pods Frameworks */ = {
			isa = PBXShellScriptBuildPhase;
			buildActionMask = 2147483647;
			files = (
			);
			inputPaths = (
			);
			name = "[CP] Embed Pods Frameworks";
			outputPaths = (
			);
			runOnlyForDeploymentPostprocessing = 0;
			shellPath = /bin/sh;
			shellScript = "\"${SRCROOT}/Pods/Target Support Files/Pods-ATK_BLE/Pods-ATK_BLE-frameworks.sh\"\n";
			showEnvVarsInLog = 0;
		};
		64E427BF0EA2146729063FC3 /* [CP] Copy Pods Resources */ = {
			isa = PBXShellScriptBuildPhase;
			buildActionMask = 2147483647;
			files = (
			);
			inputPaths = (
			);
			name = "[CP] Copy Pods Resources";
			outputPaths = (
			);
			runOnlyForDeploymentPostprocessing = 0;
			shellPath = /bin/sh;
			shellScript = "\"${SRCROOT}/Pods/Target Support Files/Pods-ATK_BLE/Pods-ATK_BLE-resources.sh\"\n";
			showEnvVarsInLog = 0;
		};
		C6EF3CC24F1A2761E2AAC2FE /* [CP] Check Pods Manifest.lock */ = {
			isa = PBXShellScriptBuildPhase;
			buildActionMask = 2147483647;
			files = (
			);
			inputPaths = (
			);
			name = "[CP] Check Pods Manifest.lock";
			outputPaths = (
			);
			runOnlyForDeploymentPostprocessing = 0;
			shellPath = /bin/sh;
			shellScript = "diff \"${PODS_ROOT}/../Podfile.lock\" \"${PODS_ROOT}/Manifest.lock\" > /dev/null\nif [ $? != 0 ] ; then\n    # print error to STDERR\n    echo \"error: The sandbox is not in sync with the Podfile.lock. Run 'pod install' or update your CocoaPods installation.\" >&2\n    exit 1\nfi\n";
			showEnvVarsInLog = 0;
		};
/* End PBXShellScriptBuildPhase section */

/* Begin PBXSourcesBuildPhase section */
		38841A9C1E690C0E004EF33D /* Sources */ = {
			isa = PBXSourcesBuildPhase;
			buildActionMask = 2147483647;
			files = (
				E10957C01F187D4400B55AAC /* structs.swift in Sources */,
				E10957C21F188AA800B55AAC /* filePath.swift in Sources */,
				E1A9792F1F09DFAC0050431A /* MoreController.swift in Sources */,
				E15349FE1F1360EE00957D8D /* HistoryBrain.swift in Sources */,
				E1A979281F09DFAC0050431A /* Lesson.swift in Sources */,
				E1A979271F09DFAC0050431A /* Items.swift in Sources */,
				E1A9792D1F09DFAC0050431A /* LessonDetailController.swift in Sources */,
				E1A9792A1F09DFAC0050431A /* TimetableController.swift in Sources */,
				E1A9793A1F09E2400050431A /* LessonCell.swift in Sources */,
				E1A9792E1F09DFAC0050431A /* LoginController.swift in Sources */,
				E1FB8BE41F0F48D500E087CB /* HistoryByLessonController.swift in Sources */,
				E1A979291F09DFAC0050431A /* NowController.swift in Sources */,
				E1A9792C1F09DFAC0050431A /* ChangePasswordController.swift in Sources */,
				E1A9792B1F09DFAC0050431A /* HistoryController.swift in Sources */,
				E1A979261F09DFAC0050431A /* AppDelegate.swift in Sources */,
			);
			runOnlyForDeploymentPostprocessing = 0;
		};
/* End PBXSourcesBuildPhase section */

/* Begin XCBuildConfiguration section */
		38841AB01E690C0E004EF33D /* Debug */ = {
			isa = XCBuildConfiguration;
			buildSettings = {
				ALWAYS_SEARCH_USER_PATHS = NO;
				CLANG_ANALYZER_NONNULL = YES;
				CLANG_CXX_LANGUAGE_STANDARD = "gnu++0x";
				CLANG_CXX_LIBRARY = "libc++";
				CLANG_ENABLE_MODULES = YES;
				CLANG_ENABLE_OBJC_ARC = YES;
				CLANG_WARN_BOOL_CONVERSION = YES;
				CLANG_WARN_CONSTANT_CONVERSION = YES;
				CLANG_WARN_DIRECT_OBJC_ISA_USAGE = YES_ERROR;
				CLANG_WARN_DOCUMENTATION_COMMENTS = YES;
				CLANG_WARN_EMPTY_BODY = YES;
				CLANG_WARN_ENUM_CONVERSION = YES;
				CLANG_WARN_INFINITE_RECURSION = YES;
				CLANG_WARN_INT_CONVERSION = YES;
				CLANG_WARN_OBJC_ROOT_CLASS = YES_ERROR;
				CLANG_WARN_SUSPICIOUS_MOVE = YES;
				CLANG_WARN_UNREACHABLE_CODE = YES;
				CLANG_WARN__DUPLICATE_METHOD_MATCH = YES;
				"CODE_SIGN_IDENTITY[sdk=iphoneos*]" = "iPhone Developer";
				COPY_PHASE_STRIP = NO;
				DEBUG_INFORMATION_FORMAT = dwarf;
				ENABLE_STRICT_OBJC_MSGSEND = YES;
				ENABLE_TESTABILITY = YES;
				GCC_C_LANGUAGE_STANDARD = gnu99;
				GCC_DYNAMIC_NO_PIC = NO;
				GCC_NO_COMMON_BLOCKS = YES;
				GCC_OPTIMIZATION_LEVEL = 0;
				GCC_PREPROCESSOR_DEFINITIONS = (
					"DEBUG=1",
					"$(inherited)",
				);
				GCC_WARN_64_TO_32_BIT_CONVERSION = YES;
				GCC_WARN_ABOUT_RETURN_TYPE = YES_ERROR;
				GCC_WARN_UNDECLARED_SELECTOR = YES;
				GCC_WARN_UNINITIALIZED_AUTOS = YES_AGGRESSIVE;
				GCC_WARN_UNUSED_FUNCTION = YES;
				GCC_WARN_UNUSED_VARIABLE = YES;
				IPHONEOS_DEPLOYMENT_TARGET = 10.2;
				MTL_ENABLE_DEBUG_INFO = YES;
				ONLY_ACTIVE_ARCH = YES;
				SDKROOT = iphoneos;
				SWIFT_ACTIVE_COMPILATION_CONDITIONS = DEBUG;
				SWIFT_OPTIMIZATION_LEVEL = "-Onone";
			};
			name = Debug;
		};
		38841AB11E690C0E004EF33D /* Release */ = {
			isa = XCBuildConfiguration;
			buildSettings = {
				ALWAYS_SEARCH_USER_PATHS = NO;
				CLANG_ANALYZER_NONNULL = YES;
				CLANG_CXX_LANGUAGE_STANDARD = "gnu++0x";
				CLANG_CXX_LIBRARY = "libc++";
				CLANG_ENABLE_MODULES = YES;
				CLANG_ENABLE_OBJC_ARC = YES;
				CLANG_WARN_BOOL_CONVERSION = YES;
				CLANG_WARN_CONSTANT_CONVERSION = YES;
				CLANG_WARN_DIRECT_OBJC_ISA_USAGE = YES_ERROR;
				CLANG_WARN_DOCUMENTATION_COMMENTS = YES;
				CLANG_WARN_EMPTY_BODY = YES;
				CLANG_WARN_ENUM_CONVERSION = YES;
				CLANG_WARN_INFINITE_RECURSION = YES;
				CLANG_WARN_INT_CONVERSION = YES;
				CLANG_WARN_OBJC_ROOT_CLASS = YES_ERROR;
				CLANG_WARN_SUSPICIOUS_MOVE = YES;
				CLANG_WARN_UNREACHABLE_CODE = YES;
				CLANG_WARN__DUPLICATE_METHOD_MATCH = YES;
				"CODE_SIGN_IDENTITY[sdk=iphoneos*]" = "iPhone Developer";
				COPY_PHASE_STRIP = NO;
				DEBUG_INFORMATION_FORMAT = "dwarf-with-dsym";
				ENABLE_NS_ASSERTIONS = NO;
				ENABLE_STRICT_OBJC_MSGSEND = YES;
				GCC_C_LANGUAGE_STANDARD = gnu99;
				GCC_NO_COMMON_BLOCKS = YES;
				GCC_WARN_64_TO_32_BIT_CONVERSION = YES;
				GCC_WARN_ABOUT_RETURN_TYPE = YES_ERROR;
				GCC_WARN_UNDECLARED_SELECTOR = YES;
				GCC_WARN_UNINITIALIZED_AUTOS = YES_AGGRESSIVE;
				GCC_WARN_UNUSED_FUNCTION = YES;
				GCC_WARN_UNUSED_VARIABLE = YES;
				IPHONEOS_DEPLOYMENT_TARGET = 10.2;
				MTL_ENABLE_DEBUG_INFO = NO;
				SDKROOT = iphoneos;
				SWIFT_OPTIMIZATION_LEVEL = "-Owholemodule";
				VALIDATE_PRODUCT = YES;
			};
			name = Release;
		};
		38841AB31E690C0E004EF33D /* Debug */ = {
			isa = XCBuildConfiguration;
			baseConfigurationReference = 2F04FDBD21813133A02CD771 /* Pods-ATK_BLE.debug.xcconfig */;
			buildSettings = {
				ALWAYS_EMBED_SWIFT_STANDARD_LIBRARIES = "$(inherited)";
				ASSETCATALOG_COMPILER_APPICON_NAME = AppIcon;
				CLANG_ENABLE_MODULES = YES;
				DEVELOPMENT_TEAM = R397SMDAA7;
				INFOPLIST_FILE = ATK_BLE/Info.plist;
				IPHONEOS_DEPLOYMENT_TARGET = 10.2;
				LD_RUNPATH_SEARCH_PATHS = "$(inherited) @executable_path/Frameworks";
				PRODUCT_BUNDLE_IDENTIFIER = "com.iot.ATK-BLE.Kyizar";
				PRODUCT_NAME = "$(TARGET_NAME)";
				SWIFT_OBJC_BRIDGING_HEADER = "ATK_BLE-Bridging-Header.h";
				SWIFT_OPTIMIZATION_LEVEL = "-Onone";
				SWIFT_VERSION = 3.0;
			};
			name = Debug;
		};
		38841AB41E690C0E004EF33D /* Release */ = {
			isa = XCBuildConfiguration;
			baseConfigurationReference = A480AF68145EB8C64A5ACCB4 /* Pods-ATK_BLE.release.xcconfig */;
			buildSettings = {
				ALWAYS_EMBED_SWIFT_STANDARD_LIBRARIES = "$(inherited)";
				ASSETCATALOG_COMPILER_APPICON_NAME = AppIcon;
				CLANG_ENABLE_MODULES = YES;
				DEVELOPMENT_TEAM = R397SMDAA7;
				INFOPLIST_FILE = ATK_BLE/Info.plist;
				IPHONEOS_DEPLOYMENT_TARGET = 10.2;
				LD_RUNPATH_SEARCH_PATHS = "$(inherited) @executable_path/Frameworks";
				PRODUCT_BUNDLE_IDENTIFIER = "com.iot.ATK-BLE.Kyizar";
				PRODUCT_NAME = "$(TARGET_NAME)";
				SWIFT_OBJC_BRIDGING_HEADER = "ATK_BLE-Bridging-Header.h";
				SWIFT_VERSION = 3.0;
			};
			name = Release;
		};
/* End XCBuildConfiguration section */

/* Begin XCConfigurationList section */
		38841A9B1E690C0E004EF33D /* Build configuration list for PBXProject "ATK_BLE" */ = {
			isa = XCConfigurationList;
			buildConfigurations = (
				38841AB01E690C0E004EF33D /* Debug */,
				38841AB11E690C0E004EF33D /* Release */,
			);
			defaultConfigurationIsVisible = 0;
			defaultConfigurationName = Release;
		};
		38841AB21E690C0E004EF33D /* Build configuration list for PBXNativeTarget "ATK_BLE" */ = {
			isa = XCConfigurationList;
			buildConfigurations = (
				38841AB31E690C0E004EF33D /* Debug */,
				38841AB41E690C0E004EF33D /* Release */,
			);
			defaultConfigurationIsVisible = 0;
			defaultConfigurationName = Release;
		};
/* End XCConfigurationList section */
	};
	rootObject = 38841A981E690C0E004EF33D /* Project object */;
}
