// !$*UTF8*$!
{
	archiveVersion = 1;
	classes = {
	};
	objectVersion = 46;
	objects = {

/* Begin PBXBuildFile section */
		3815A2721E6CF1CF00301CE2 /* LessonCell.swift in Sources */ = {isa = PBXBuildFile; fileRef = 3815A2711E6CF1CF00301CE2 /* LessonCell.swift */; };
		3815A2741E6D030F00301CE2 /* TableViewCell.swift in Sources */ = {isa = PBXBuildFile; fileRef = 3815A2731E6D030F00301CE2 /* TableViewCell.swift */; };
		3815A2781E6D405800301CE2 /* TodayController.swift in Sources */ = {isa = PBXBuildFile; fileRef = 3815A2771E6D405800301CE2 /* TodayController.swift */; };
		3815A27A1E6D609400301CE2 /* SettingController.swift in Sources */ = {isa = PBXBuildFile; fileRef = 3815A2791E6D609400301CE2 /* SettingController.swift */; };
		382F77731E85122C005A4E1A /* ChangePassController.swift in Sources */ = {isa = PBXBuildFile; fileRef = 382F77721E85122C005A4E1A /* ChangePassController.swift */; };
		3849C6DD1E6E93D300097B17 /* TabbarController.swift in Sources */ = {isa = PBXBuildFile; fileRef = 3849C6DC1E6E93D300097B17 /* TabbarController.swift */; };
		386688CC1E7FC2FF00DFA4C7 /* TableViewController.swift in Sources */ = {isa = PBXBuildFile; fileRef = 386688CB1E7FC2FF00DFA4C7 /* TableViewController.swift */; };
		386875CA1E8B614100FB45C4 /* LessonDetailView.swift in Sources */ = {isa = PBXBuildFile; fileRef = 386875C91E8B614100FB45C4 /* LessonDetailView.swift */; };
		386FEFF31E8CED1F00BD549C /* Main.storyboard in Resources */ = {isa = PBXBuildFile; fileRef = 386FEFF11E8CED1F00BD549C /* Main.storyboard */; };
		38841AA41E690C0E004EF33D /* AppDelegate.swift in Sources */ = {isa = PBXBuildFile; fileRef = 38841AA31E690C0E004EF33D /* AppDelegate.swift */; };
		38841AA61E690C0E004EF33D /* LoginController.swift in Sources */ = {isa = PBXBuildFile; fileRef = 38841AA51E690C0E004EF33D /* LoginController.swift */; };
		38841AAB1E690C0E004EF33D /* Assets.xcassets in Resources */ = {isa = PBXBuildFile; fileRef = 38841AAA1E690C0E004EF33D /* Assets.xcassets */; };
		38841AAE1E690C0E004EF33D /* LaunchScreen.storyboard in Resources */ = {isa = PBXBuildFile; fileRef = 38841AAC1E690C0E004EF33D /* LaunchScreen.storyboard */; };
		38851CE21E6FF0EE001DC32C /* BluetoothDeviceHandler.m in Sources */ = {isa = PBXBuildFile; fileRef = 38851CDE1E6FF0EE001DC32C /* BluetoothDeviceHandler.m */; };
		38851CE31E6FF0EE001DC32C /* BluetoothManagerHandler.m in Sources */ = {isa = PBXBuildFile; fileRef = 38851CE11E6FF0EE001DC32C /* BluetoothManagerHandler.m */; };
		38DDE0CD1E8DFEE500C7AA81 /* HistoryView.swift in Sources */ = {isa = PBXBuildFile; fileRef = 38DDE0CC1E8DFEE500C7AA81 /* HistoryView.swift */; };
		38DDE0CF1E8DFFAC00C7AA81 /* HistoryCell.swift in Sources */ = {isa = PBXBuildFile; fileRef = 38DDE0CE1E8DFFAC00C7AA81 /* HistoryCell.swift */; };
		38E26DF61E691001003B009D /* ATKController.swift in Sources */ = {isa = PBXBuildFile; fileRef = 38E26DF51E691001003B009D /* ATKController.swift */; };
		38E26DF81E6910A4003B009D /* Items.swift in Sources */ = {isa = PBXBuildFile; fileRef = 38E26DF71E6910A4003B009D /* Items.swift */; };
		38E26DFA1E694E30003B009D /* Lesson.swift in Sources */ = {isa = PBXBuildFile; fileRef = 38E26DF91E694E30003B009D /* Lesson.swift */; };
		38E26DFC1E69595C003B009D /* TimetableController.swift in Sources */ = {isa = PBXBuildFile; fileRef = 38E26DFB1E69595C003B009D /* TimetableController.swift */; };
		3CE89EF5A7A07C1622FF4DCA /* Pods_ATK_BLE.framework in Frameworks */ = {isa = PBXBuildFile; fileRef = 8730CE69BF02DA57AF883CE4 /* Pods_ATK_BLE.framework */; };
/* End PBXBuildFile section */

/* Begin PBXFileReference section */
		2F04FDBD21813133A02CD771 /* Pods-ATK_BLE.debug.xcconfig */ = {isa = PBXFileReference; includeInIndex = 1; lastKnownFileType = text.xcconfig; name = "Pods-ATK_BLE.debug.xcconfig"; path = "Pods/Target Support Files/Pods-ATK_BLE/Pods-ATK_BLE.debug.xcconfig"; sourceTree = "<group>"; };
		3815A2711E6CF1CF00301CE2 /* LessonCell.swift */ = {isa = PBXFileReference; fileEncoding = 4; lastKnownFileType = sourcecode.swift; path = LessonCell.swift; sourceTree = "<group>"; };
		3815A2731E6D030F00301CE2 /* TableViewCell.swift */ = {isa = PBXFileReference; fileEncoding = 4; lastKnownFileType = sourcecode.swift; path = TableViewCell.swift; sourceTree = "<group>"; };
		3815A2771E6D405800301CE2 /* TodayController.swift */ = {isa = PBXFileReference; fileEncoding = 4; lastKnownFileType = sourcecode.swift; path = TodayController.swift; sourceTree = "<group>"; };
		3815A2791E6D609400301CE2 /* SettingController.swift */ = {isa = PBXFileReference; fileEncoding = 4; lastKnownFileType = sourcecode.swift; path = SettingController.swift; sourceTree = "<group>"; };
		382F77721E85122C005A4E1A /* ChangePassController.swift */ = {isa = PBXFileReference; fileEncoding = 4; lastKnownFileType = sourcecode.swift; path = ChangePassController.swift; sourceTree = "<group>"; };
		3849C6DC1E6E93D300097B17 /* TabbarController.swift */ = {isa = PBXFileReference; fileEncoding = 4; lastKnownFileType = sourcecode.swift; path = TabbarController.swift; sourceTree = "<group>"; };
		386688CB1E7FC2FF00DFA4C7 /* TableViewController.swift */ = {isa = PBXFileReference; fileEncoding = 4; lastKnownFileType = sourcecode.swift; path = TableViewController.swift; sourceTree = "<group>"; };
		386875C91E8B614100FB45C4 /* LessonDetailView.swift */ = {isa = PBXFileReference; fileEncoding = 4; lastKnownFileType = sourcecode.swift; path = LessonDetailView.swift; sourceTree = "<group>"; };
		386FEFF21E8CED1F00BD549C /* Base */ = {isa = PBXFileReference; lastKnownFileType = file.storyboard; name = Base; path = Base.lproj/Main.storyboard; sourceTree = "<group>"; };
		38841AA01E690C0E004EF33D /* ATK_BLE.app */ = {isa = PBXFileReference; explicitFileType = wrapper.application; includeInIndex = 0; path = ATK_BLE.app; sourceTree = BUILT_PRODUCTS_DIR; };
		38841AA31E690C0E004EF33D /* AppDelegate.swift */ = {isa = PBXFileReference; lastKnownFileType = sourcecode.swift; path = AppDelegate.swift; sourceTree = "<group>"; };
		38841AA51E690C0E004EF33D /* LoginController.swift */ = {isa = PBXFileReference; lastKnownFileType = sourcecode.swift; path = LoginController.swift; sourceTree = "<group>"; };
		38841AAA1E690C0E004EF33D /* Assets.xcassets */ = {isa = PBXFileReference; lastKnownFileType = folder.assetcatalog; path = Assets.xcassets; sourceTree = "<group>"; };
		38841AAD1E690C0E004EF33D /* Base */ = {isa = PBXFileReference; lastKnownFileType = file.storyboard; name = Base; path = Base.lproj/LaunchScreen.storyboard; sourceTree = "<group>"; };
		38841AAF1E690C0E004EF33D /* Info.plist */ = {isa = PBXFileReference; lastKnownFileType = text.plist.xml; path = Info.plist; sourceTree = "<group>"; };
		38851CDB1E6FF0ED001DC32C /* ATK_BLE-Bridging-Header.h */ = {isa = PBXFileReference; lastKnownFileType = sourcecode.c.h; path = "ATK_BLE-Bridging-Header.h"; sourceTree = "<group>"; };
		38851CDC1E6FF0EE001DC32C /* BluetoothDevice.h */ = {isa = PBXFileReference; fileEncoding = 4; lastKnownFileType = sourcecode.c.h; name = BluetoothDevice.h; path = ATK_BLE/BluetoothDevice.h; sourceTree = "<group>"; };
		38851CDD1E6FF0EE001DC32C /* BluetoothDeviceHandler.h */ = {isa = PBXFileReference; fileEncoding = 4; lastKnownFileType = sourcecode.c.h; name = BluetoothDeviceHandler.h; path = ATK_BLE/BluetoothDeviceHandler.h; sourceTree = "<group>"; };
		38851CDE1E6FF0EE001DC32C /* BluetoothDeviceHandler.m */ = {isa = PBXFileReference; fileEncoding = 4; lastKnownFileType = sourcecode.c.objc; name = BluetoothDeviceHandler.m; path = ATK_BLE/BluetoothDeviceHandler.m; sourceTree = "<group>"; };
		38851CDF1E6FF0EE001DC32C /* BluetoothManager.h */ = {isa = PBXFileReference; fileEncoding = 4; lastKnownFileType = sourcecode.c.h; name = BluetoothManager.h; path = ATK_BLE/BluetoothManager.h; sourceTree = "<group>"; };
		38851CE01E6FF0EE001DC32C /* BluetoothManagerHandler.h */ = {isa = PBXFileReference; fileEncoding = 4; lastKnownFileType = sourcecode.c.h; name = BluetoothManagerHandler.h; path = ATK_BLE/BluetoothManagerHandler.h; sourceTree = "<group>"; };
		38851CE11E6FF0EE001DC32C /* BluetoothManagerHandler.m */ = {isa = PBXFileReference; fileEncoding = 4; lastKnownFileType = sourcecode.c.objc; name = BluetoothManagerHandler.m; path = ATK_BLE/BluetoothManagerHandler.m; sourceTree = "<group>"; };
		38DDE0CC1E8DFEE500C7AA81 /* HistoryView.swift */ = {isa = PBXFileReference; fileEncoding = 4; lastKnownFileType = sourcecode.swift; path = HistoryView.swift; sourceTree = "<group>"; };
		38DDE0CE1E8DFFAC00C7AA81 /* HistoryCell.swift */ = {isa = PBXFileReference; fileEncoding = 4; lastKnownFileType = sourcecode.swift; path = HistoryCell.swift; sourceTree = "<group>"; };
		38E26DF51E691001003B009D /* ATKController.swift */ = {isa = PBXFileReference; fileEncoding = 4; lastKnownFileType = sourcecode.swift; path = ATKController.swift; sourceTree = "<group>"; };
		38E26DF71E6910A4003B009D /* Items.swift */ = {isa = PBXFileReference; fileEncoding = 4; lastKnownFileType = sourcecode.swift; path = Items.swift; sourceTree = "<group>"; };
		38E26DF91E694E30003B009D /* Lesson.swift */ = {isa = PBXFileReference; fileEncoding = 4; lastKnownFileType = sourcecode.swift; path = Lesson.swift; sourceTree = "<group>"; };
		38E26DFB1E69595C003B009D /* TimetableController.swift */ = {isa = PBXFileReference; fileEncoding = 4; lastKnownFileType = sourcecode.swift; path = TimetableController.swift; sourceTree = "<group>"; };
		8730CE69BF02DA57AF883CE4 /* Pods_ATK_BLE.framework */ = {isa = PBXFileReference; explicitFileType = wrapper.framework; includeInIndex = 0; path = Pods_ATK_BLE.framework; sourceTree = BUILT_PRODUCTS_DIR; };
		A480AF68145EB8C64A5ACCB4 /* Pods-ATK_BLE.release.xcconfig */ = {isa = PBXFileReference; includeInIndex = 1; lastKnownFileType = text.xcconfig; name = "Pods-ATK_BLE.release.xcconfig"; path = "Pods/Target Support Files/Pods-ATK_BLE/Pods-ATK_BLE.release.xcconfig"; sourceTree = "<group>"; };
/* End PBXFileReference section */

/* Begin PBXFrameworksBuildPhase section */
		38841A9D1E690C0E004EF33D /* Frameworks */ = {
			isa = PBXFrameworksBuildPhase;
			buildActionMask = 2147483647;
			files = (
				3CE89EF5A7A07C1622FF4DCA /* Pods_ATK_BLE.framework in Frameworks */,
			);
			runOnlyForDeploymentPostprocessing = 0;
		};
/* End PBXFrameworksBuildPhase section */

/* Begin PBXGroup section */
		384D65599B2822FAEDA21118 /* Frameworks */ = {
			isa = PBXGroup;
			children = (
				8730CE69BF02DA57AF883CE4 /* Pods_ATK_BLE.framework */,
			);
			name = Frameworks;
			sourceTree = "<group>";
		};
		38841A971E690C0E004EF33D = {
			isa = PBXGroup;
			children = (
				38851CE41E6FF0F3001DC32C /* Objective-C */,
				38841AA21E690C0E004EF33D /* ATK_BLE */,
				38841AA11E690C0E004EF33D /* Products */,
				C7EBCFCC2957C30BAF3A18D5 /* Pods */,
				384D65599B2822FAEDA21118 /* Frameworks */,
				38851CDB1E6FF0ED001DC32C /* ATK_BLE-Bridging-Header.h */,
			);
			sourceTree = "<group>";
		};
		38841AA11E690C0E004EF33D /* Products */ = {
			isa = PBXGroup;
			children = (
				38841AA01E690C0E004EF33D /* ATK_BLE.app */,
			);
			name = Products;
			sourceTree = "<group>";
		};
		38841AA21E690C0E004EF33D /* ATK_BLE */ = {
			isa = PBXGroup;
			children = (
				38841AA31E690C0E004EF33D /* AppDelegate.swift */,
				38E26DFB1E69595C003B009D /* TimetableController.swift */,
				38E26DF71E6910A4003B009D /* Items.swift */,
				3815A2731E6D030F00301CE2 /* TableViewCell.swift */,
				382F77721E85122C005A4E1A /* ChangePassController.swift */,
				386688CB1E7FC2FF00DFA4C7 /* TableViewController.swift */,
				38E26DF91E694E30003B009D /* Lesson.swift */,
				38DDE0CE1E8DFFAC00C7AA81 /* HistoryCell.swift */,
				3815A2791E6D609400301CE2 /* SettingController.swift */,
				38DDE0CC1E8DFEE500C7AA81 /* HistoryView.swift */,
				386875C91E8B614100FB45C4 /* LessonDetailView.swift */,
				3849C6DC1E6E93D300097B17 /* TabbarController.swift */,
				3815A2711E6CF1CF00301CE2 /* LessonCell.swift */,
				3815A2771E6D405800301CE2 /* TodayController.swift */,
				38E26DF51E691001003B009D /* ATKController.swift */,
				38841AA51E690C0E004EF33D /* LoginController.swift */,
				38841AAA1E690C0E004EF33D /* Assets.xcassets */,
				386FEFF11E8CED1F00BD549C /* Main.storyboard */,
				38841AAC1E690C0E004EF33D /* LaunchScreen.storyboard */,
				38841AAF1E690C0E004EF33D /* Info.plist */,
			);
			path = ATK_BLE;
			sourceTree = "<group>";
		};
		38851CE41E6FF0F3001DC32C /* Objective-C */ = {
			isa = PBXGroup;
			children = (
				38851CDC1E6FF0EE001DC32C /* BluetoothDevice.h */,
				38851CDD1E6FF0EE001DC32C /* BluetoothDeviceHandler.h */,
				38851CDE1E6FF0EE001DC32C /* BluetoothDeviceHandler.m */,
				38851CDF1E6FF0EE001DC32C /* BluetoothManager.h */,
				38851CE01E6FF0EE001DC32C /* BluetoothManagerHandler.h */,
				38851CE11E6FF0EE001DC32C /* BluetoothManagerHandler.m */,
			);
			name = "Objective-C";
			sourceTree = "<group>";
		};
		C7EBCFCC2957C30BAF3A18D5 /* Pods */ = {
			isa = PBXGroup;
			children = (
				2F04FDBD21813133A02CD771 /* Pods-ATK_BLE.debug.xcconfig */,
				A480AF68145EB8C64A5ACCB4 /* Pods-ATK_BLE.release.xcconfig */,
			);
			name = Pods;
			sourceTree = "<group>";
		};
/* End PBXGroup section */

/* Begin PBXNativeTarget section */
		38841A9F1E690C0E004EF33D /* ATK_BLE */ = {
			isa = PBXNativeTarget;
			buildConfigurationList = 38841AB21E690C0E004EF33D /* Build configuration list for PBXNativeTarget "ATK_BLE" */;
			buildPhases = (
				C6EF3CC24F1A2761E2AAC2FE /* [CP] Check Pods Manifest.lock */,
				38841A9C1E690C0E004EF33D /* Sources */,
				38841A9D1E690C0E004EF33D /* Frameworks */,
				38841A9E1E690C0E004EF33D /* Resources */,
				0896A91278BD239198CA992B /* [CP] Embed Pods Frameworks */,
				64E427BF0EA2146729063FC3 /* [CP] Copy Pods Resources */,
			);
			buildRules = (
			);
			dependencies = (
			);
			name = ATK_BLE;
			productName = ATK_BLE;
			productReference = 38841AA01E690C0E004EF33D /* ATK_BLE.app */;
			productType = "com.apple.product-type.application";
		};
/* End PBXNativeTarget section */

/* Begin PBXProject section */
		38841A981E690C0E004EF33D /* Project object */ = {
			isa = PBXProject;
			attributes = {
				LastSwiftUpdateCheck = 0820;
				LastUpgradeCheck = 0820;
				ORGANIZATIONNAME = beacon;
				TargetAttributes = {
					38841A9F1E690C0E004EF33D = {
						CreatedOnToolsVersion = 8.2.1;
						DevelopmentTeam = YN73BLV7YH;
						LastSwiftMigration = 0820;
						ProvisioningStyle = Automatic;
						SystemCapabilities = {
							com.apple.BackgroundModes = {
								enabled = 1;
							};
						};
					};
				};
			};
			buildConfigurationList = 38841A9B1E690C0E004EF33D /* Build configuration list for PBXProject "ATK_BLE" */;
			compatibilityVersion = "Xcode 3.2";
			developmentRegion = English;
			hasScannedForEncodings = 0;
			knownRegions = (
				en,
				Base,
			);
			mainGroup = 38841A971E690C0E004EF33D;
			productRefGroup = 38841AA11E690C0E004EF33D /* Products */;
			projectDirPath = "";
			projectRoot = "";
			targets = (
				38841A9F1E690C0E004EF33D /* ATK_BLE */,
			);
		};
/* End PBXProject section */

/* Begin PBXResourcesBuildPhase section */
		38841A9E1E690C0E004EF33D /* Resources */ = {
			isa = PBXResourcesBuildPhase;
			buildActionMask = 2147483647;
			files = (
				386FEFF31E8CED1F00BD549C /* Main.storyboard in Resources */,
				38841AAE1E690C0E004EF33D /* LaunchScreen.storyboard in Resources */,
				38841AAB1E690C0E004EF33D /* Assets.xcassets in Resources */,
			);
			runOnlyForDeploymentPostprocessing = 0;
		};
/* End PBXResourcesBuildPhase section */

/* Begin PBXShellScriptBuildPhase section */
		0896A91278BD239198CA992B /* [CP] Embed Pods Frameworks */ = {
			isa = PBXShellScriptBuildPhase;
			buildActionMask = 2147483647;
			files = (
			);
			inputPaths = (
			);
			name = "[CP] Embed Pods Frameworks";
			outputPaths = (
			);
			runOnlyForDeploymentPostprocessing = 0;
			shellPath = /bin/sh;
			shellScript = "\"${SRCROOT}/Pods/Target Support Files/Pods-ATK_BLE/Pods-ATK_BLE-frameworks.sh\"\n";
			showEnvVarsInLog = 0;
		};
		64E427BF0EA2146729063FC3 /* [CP] Copy Pods Resources */ = {
			isa = PBXShellScriptBuildPhase;
			buildActionMask = 2147483647;
			files = (
			);
			inputPaths = (
			);
			name = "[CP] Copy Pods Resources";
			outputPaths = (
			);
			runOnlyForDeploymentPostprocessing = 0;
			shellPath = /bin/sh;
			shellScript = "\"${SRCROOT}/Pods/Target Support Files/Pods-ATK_BLE/Pods-ATK_BLE-resources.sh\"\n";
			showEnvVarsInLog = 0;
		};
		C6EF3CC24F1A2761E2AAC2FE /* [CP] Check Pods Manifest.lock */ = {
			isa = PBXShellScriptBuildPhase;
			buildActionMask = 2147483647;
			files = (
			);
			inputPaths = (
			);
			name = "[CP] Check Pods Manifest.lock";
			outputPaths = (
			);
			runOnlyForDeploymentPostprocessing = 0;
			shellPath = /bin/sh;
			shellScript = "diff \"${PODS_ROOT}/../Podfile.lock\" \"${PODS_ROOT}/Manifest.lock\" > /dev/null\nif [ $? != 0 ] ; then\n    # print error to STDERR\n    echo \"error: The sandbox is not in sync with the Podfile.lock. Run 'pod install' or update your CocoaPods installation.\" >&2\n    exit 1\nfi\n";
			showEnvVarsInLog = 0;
		};
/* End PBXShellScriptBuildPhase section */

/* Begin PBXSourcesBuildPhase section */
		38841A9C1E690C0E004EF33D /* Sources */ = {
			isa = PBXSourcesBuildPhase;
			buildActionMask = 2147483647;
			files = (
				38E26DFA1E694E30003B009D /* Lesson.swift in Sources */,
				386688CC1E7FC2FF00DFA4C7 /* TableViewController.swift in Sources */,
				3849C6DD1E6E93D300097B17 /* TabbarController.swift in Sources */,
				386875CA1E8B614100FB45C4 /* LessonDetailView.swift in Sources */,
				38E26DF81E6910A4003B009D /* Items.swift in Sources */,
				38851CE21E6FF0EE001DC32C /* BluetoothDeviceHandler.m in Sources */,
				3815A2741E6D030F00301CE2 /* TableViewCell.swift in Sources */,
				38841AA61E690C0E004EF33D /* LoginController.swift in Sources */,
				38841AA41E690C0E004EF33D /* AppDelegate.swift in Sources */,
				38E26DF61E691001003B009D /* ATKController.swift in Sources */,
				38E26DFC1E69595C003B009D /* TimetableController.swift in Sources */,
				3815A27A1E6D609400301CE2 /* SettingController.swift in Sources */,
				38DDE0CF1E8DFFAC00C7AA81 /* HistoryCell.swift in Sources */,
				38851CE31E6FF0EE001DC32C /* BluetoothManagerHandler.m in Sources */,
				3815A2721E6CF1CF00301CE2 /* LessonCell.swift in Sources */,
				3815A2781E6D405800301CE2 /* TodayController.swift in Sources */,
				38DDE0CD1E8DFEE500C7AA81 /* HistoryView.swift in Sources */,
				382F77731E85122C005A4E1A /* ChangePassController.swift in Sources */,
			);
			runOnlyForDeploymentPostprocessing = 0;
		};
/* End PBXSourcesBuildPhase section */

/* Begin PBXVariantGroup section */
		386FEFF11E8CED1F00BD549C /* Main.storyboard */ = {
			isa = PBXVariantGroup;
			children = (
				386FEFF21E8CED1F00BD549C /* Base */,
			);
			name = Main.storyboard;
			sourceTree = "<group>";
		};
		38841AAC1E690C0E004EF33D /* LaunchScreen.storyboard */ = {
			isa = PBXVariantGroup;
			children = (
				38841AAD1E690C0E004EF33D /* Base */,
			);
			name = LaunchScreen.storyboard;
			sourceTree = "<group>";
		};
/* End PBXVariantGroup section */

/* Begin XCBuildConfiguration section */
		38841AB01E690C0E004EF33D /* Debug */ = {
			isa = XCBuildConfiguration;
			buildSettings = {
				ALWAYS_SEARCH_USER_PATHS = NO;
				CLANG_ANALYZER_NONNULL = YES;
				CLANG_CXX_LANGUAGE_STANDARD = "gnu++0x";
				CLANG_CXX_LIBRARY = "libc++";
				CLANG_ENABLE_MODULES = YES;
				CLANG_ENABLE_OBJC_ARC = YES;
				CLANG_WARN_BOOL_CONVERSION = YES;
				CLANG_WARN_CONSTANT_CONVERSION = YES;
				CLANG_WARN_DIRECT_OBJC_ISA_USAGE = YES_ERROR;
				CLANG_WARN_DOCUMENTATION_COMMENTS = YES;
				CLANG_WARN_EMPTY_BODY = YES;
				CLANG_WARN_ENUM_CONVERSION = YES;
				CLANG_WARN_INFINITE_RECURSION = YES;
				CLANG_WARN_INT_CONVERSION = YES;
				CLANG_WARN_OBJC_ROOT_CLASS = YES_ERROR;
				CLANG_WARN_SUSPICIOUS_MOVE = YES;
				CLANG_WARN_UNREACHABLE_CODE = YES;
				CLANG_WARN__DUPLICATE_METHOD_MATCH = YES;
				"CODE_SIGN_IDENTITY[sdk=iphoneos*]" = "iPhone Developer";
				COPY_PHASE_STRIP = NO;
				DEBUG_INFORMATION_FORMAT = dwarf;
				ENABLE_STRICT_OBJC_MSGSEND = YES;
				ENABLE_TESTABILITY = YES;
				GCC_C_LANGUAGE_STANDARD = gnu99;
				GCC_DYNAMIC_NO_PIC = NO;
				GCC_NO_COMMON_BLOCKS = YES;
				GCC_OPTIMIZATION_LEVEL = 0;
				GCC_PREPROCESSOR_DEFINITIONS = (
					"DEBUG=1",
					"$(inherited)",
				);
				GCC_WARN_64_TO_32_BIT_CONVERSION = YES;
				GCC_WARN_ABOUT_RETURN_TYPE = YES_ERROR;
				GCC_WARN_UNDECLARED_SELECTOR = YES;
				GCC_WARN_UNINITIALIZED_AUTOS = YES_AGGRESSIVE;
				GCC_WARN_UNUSED_FUNCTION = YES;
				GCC_WARN_UNUSED_VARIABLE = YES;
				IPHONEOS_DEPLOYMENT_TARGET = 10.2;
				MTL_ENABLE_DEBUG_INFO = YES;
				ONLY_ACTIVE_ARCH = YES;
				SDKROOT = iphoneos;
				SWIFT_ACTIVE_COMPILATION_CONDITIONS = DEBUG;
				SWIFT_OPTIMIZATION_LEVEL = "-Onone";
			};
			name = Debug;
		};
		38841AB11E690C0E004EF33D /* Release */ = {
			isa = XCBuildConfiguration;
			buildSettings = {
				ALWAYS_SEARCH_USER_PATHS = NO;
				CLANG_ANALYZER_NONNULL = YES;
				CLANG_CXX_LANGUAGE_STANDARD = "gnu++0x";
				CLANG_CXX_LIBRARY = "libc++";
				CLANG_ENABLE_MODULES = YES;
				CLANG_ENABLE_OBJC_ARC = YES;
				CLANG_WARN_BOOL_CONVERSION = YES;
				CLANG_WARN_CONSTANT_CONVERSION = YES;
				CLANG_WARN_DIRECT_OBJC_ISA_USAGE = YES_ERROR;
				CLANG_WARN_DOCUMENTATION_COMMENTS = YES;
				CLANG_WARN_EMPTY_BODY = YES;
				CLANG_WARN_ENUM_CONVERSION = YES;
				CLANG_WARN_INFINITE_RECURSION = YES;
				CLANG_WARN_INT_CONVERSION = YES;
				CLANG_WARN_OBJC_ROOT_CLASS = YES_ERROR;
				CLANG_WARN_SUSPICIOUS_MOVE = YES;
				CLANG_WARN_UNREACHABLE_CODE = YES;
				CLANG_WARN__DUPLICATE_METHOD_MATCH = YES;
				"CODE_SIGN_IDENTITY[sdk=iphoneos*]" = "iPhone Developer";
				COPY_PHASE_STRIP = NO;
				DEBUG_INFORMATION_FORMAT = "dwarf-with-dsym";
				ENABLE_NS_ASSERTIONS = NO;
				ENABLE_STRICT_OBJC_MSGSEND = YES;
				GCC_C_LANGUAGE_STANDARD = gnu99;
				GCC_NO_COMMON_BLOCKS = YES;
				GCC_WARN_64_TO_32_BIT_CONVERSION = YES;
				GCC_WARN_ABOUT_RETURN_TYPE = YES_ERROR;
				GCC_WARN_UNDECLARED_SELECTOR = YES;
				GCC_WARN_UNINITIALIZED_AUTOS = YES_AGGRESSIVE;
				GCC_WARN_UNUSED_FUNCTION = YES;
				GCC_WARN_UNUSED_VARIABLE = YES;
				IPHONEOS_DEPLOYMENT_TARGET = 10.2;
				MTL_ENABLE_DEBUG_INFO = NO;
				SDKROOT = iphoneos;
				SWIFT_OPTIMIZATION_LEVEL = "-Owholemodule";
				VALIDATE_PRODUCT = YES;
			};
			name = Release;
		};
		38841AB31E690C0E004EF33D /* Debug */ = {
			isa = XCBuildConfiguration;
			baseConfigurationReference = 2F04FDBD21813133A02CD771 /* Pods-ATK_BLE.debug.xcconfig */;
			buildSettings = {
				ASSETCATALOG_COMPILER_APPICON_NAME = AppIcon;
				CLANG_ENABLE_MODULES = YES;
				DEVELOPMENT_TEAM = YN73BLV7YH;
				INFOPLIST_FILE = ATK_BLE/Info.plist;
				LD_RUNPATH_SEARCH_PATHS = "$(inherited) @executable_path/Frameworks";
				PRODUCT_BUNDLE_IDENTIFIER = "com.iot.ATK-BLE";
				PRODUCT_NAME = "$(TARGET_NAME)";
				SWIFT_OBJC_BRIDGING_HEADER = "ATK_BLE-Bridging-Header.h";
				SWIFT_OPTIMIZATION_LEVEL = "-Onone";
				SWIFT_VERSION = 3.0;
			};
			name = Debug;
		};
		38841AB41E690C0E004EF33D /* Release */ = {
			isa = XCBuildConfiguration;
			baseConfigurationReference = A480AF68145EB8C64A5ACCB4 /* Pods-ATK_BLE.release.xcconfig */;
			buildSettings = {
				ASSETCATALOG_COMPILER_APPICON_NAME = AppIcon;
				CLANG_ENABLE_MODULES = YES;
				DEVELOPMENT_TEAM = YN73BLV7YH;
				INFOPLIST_FILE = ATK_BLE/Info.plist;
				LD_RUNPATH_SEARCH_PATHS = "$(inherited) @executable_path/Frameworks";
				PRODUCT_BUNDLE_IDENTIFIER = "com.iot.ATK-BLE";
				PRODUCT_NAME = "$(TARGET_NAME)";
				SWIFT_OBJC_BRIDGING_HEADER = "ATK_BLE-Bridging-Header.h";
				SWIFT_VERSION = 3.0;
			};
			name = Release;
		};
/* End XCBuildConfiguration section */

/* Begin XCConfigurationList section */
		38841A9B1E690C0E004EF33D /* Build configuration list for PBXProject "ATK_BLE" */ = {
			isa = XCConfigurationList;
			buildConfigurations = (
				38841AB01E690C0E004EF33D /* Debug */,
				38841AB11E690C0E004EF33D /* Release */,
			);
			defaultConfigurationIsVisible = 0;
			defaultConfigurationName = Release;
		};
		38841AB21E690C0E004EF33D /* Build configuration list for PBXNativeTarget "ATK_BLE" */ = {
			isa = XCConfigurationList;
			buildConfigurations = (
				38841AB31E690C0E004EF33D /* Debug */,
				38841AB41E690C0E004EF33D /* Release */,
			);
			defaultConfigurationIsVisible = 0;
			defaultConfigurationName = Release;
		};
/* End XCConfigurationList section */
	};
	rootObject = 38841A981E690C0E004EF33D /* Project object */;
}
